{
  "name": "@asalaza6/autonomy-v2",
  "version": "1.4.15",
  "lockfileVersion": 3,
  "requires": true,
  "packages": {
    "": {
      "name": "@asalaza6/autonomy-v2",
      "version": "1.4.15",
      "license": "UNLICENSED",
      "bin": {
        "autonomy-v2": "bin/autonomy-v2",
        "autonomy-v2-server": "bin/autonomy-v2-server",
        "autonomy-v2-smoke": "bin/autonomy-v2-smoke"
      },
      "engines": {
        "node": ">=20"
      }
    }
  }
}
